
Microsoft Visual Studio Solution File, Format Version 12.00
# Visual Studio 15
VisualStudioVersion = 15.0.27428.2037
MinimumVisualStudioVersion = 10.0.40219.1
Project("{F184B08F-C81C-45F6-A57F-5ABD9991F28F}") = "SIM.TP5", "SIM.TP5\SIM.TP5.vbproj", "{A8830A43-C8CC-4243-BF92-9F9AF717A101}"
EndProject
Global
	GlobalSection(SolutionConfigurationPlatforms) = preSolution
		Debug|Any CPU = Debug|Any CPU
		Release|Any CPU = Release|Any CPU
	EndGlobalSection
	GlobalSection(ProjectConfigurationPlatforms) = postSolution
		{A8830A43-C8CC-4243-BF92-9F9AF717A101}.Debug|Any CPU.ActiveCfg = Debug|Any CPU
		{A8830A43-C8CC-4243-BF92-9F9AF717A101}.Debug|Any CPU.Build.0 = Debug|Any CPU
		{A8830A43-C8CC-4243-BF92-9F9AF717A101}.Release|Any CPU.ActiveCfg = Release|Any CPU
		{A8830A43-C8CC-4243-BF92-9F9AF717A101}.Release|Any CPU.Build.0 = Release|Any CPU
	EndGlobalSection
	GlobalSection(SolutionProperties) = preSolution
		HideSolutionNode = FALSE
	EndGlobalSection
	GlobalSection(ExtensibilityGlobals) = postSolution
		SolutionGuid = {710F8133-194D-415D-AD78-A53D4F5D6753}
	EndGlobalSection
EndGlobal
